
Microsoft Visual Studio Solution File, Format Version 12.00
# Visual Studio Version 17
VisualStudioVersion = 17.7.34009.444
MinimumVisualStudioVersion = 10.0.40219.1
Project("{FAE04EC0-301F-11D3-BF4B-00C04F79EFBC}") = "Entidades", "Entidades\Entidades.csproj", "{774E769B-37D4-491E-B2BB-8956D018CE95}"
EndProject
Project("{FAE04EC0-301F-11D3-BF4B-00C04F79EFBC}") = "Datos", "Datos\Datos.csproj", "{10A49AF4-694B-450C-9618-0CD745244DD6}"
EndProject
Project("{FAE04EC0-301F-11D3-BF4B-00C04F79EFBC}") = "Logica", "Logica\Logica.csproj", "{7906CB05-62FF-41B2-A0B4-5141E68D03AA}"
EndProject
Project("{FAE04EC0-301F-11D3-BF4B-00C04F79EFBC}") = "Presentacion", "Presentacion\Presentacion.csproj", "{DC62D61E-D4B5-4693-BD98-F61247B4178E}"
EndProject
Project("{FAE04EC0-301F-11D3-BF4B-00C04F79EFBC}") = "PresentacionI", "PresentacionI\PresentacionI.csproj", "{FAF51455-1A4E-4CB1-BC16-F53443EC93DA}"
EndProject
Global
	GlobalSection(SolutionConfigurationPlatforms) = preSolution
		Debug|Any CPU = Debug|Any CPU
		Release|Any CPU = Release|Any CPU
	EndGlobalSection
	GlobalSection(ProjectConfigurationPlatforms) = postSolution
		{774E769B-37D4-491E-B2BB-8956D018CE95}.Debug|Any CPU.ActiveCfg = Debug|Any CPU
		{774E769B-37D4-491E-B2BB-8956D018CE95}.Debug|Any CPU.Build.0 = Debug|Any CPU
		{774E769B-37D4-491E-B2BB-8956D018CE95}.Release|Any CPU.ActiveCfg = Release|Any CPU
		{774E769B-37D4-491E-B2BB-8956D018CE95}.Release|Any CPU.Build.0 = Release|Any CPU
		{10A49AF4-694B-450C-9618-0CD745244DD6}.Debug|Any CPU.ActiveCfg = Debug|Any CPU
		{10A49AF4-694B-450C-9618-0CD745244DD6}.Debug|Any CPU.Build.0 = Debug|Any CPU
		{10A49AF4-694B-450C-9618-0CD745244DD6}.Release|Any CPU.ActiveCfg = Release|Any CPU
		{10A49AF4-694B-450C-9618-0CD745244DD6}.Release|Any CPU.Build.0 = Release|Any CPU
		{7906CB05-62FF-41B2-A0B4-5141E68D03AA}.Debug|Any CPU.ActiveCfg = Debug|Any CPU
		{7906CB05-62FF-41B2-A0B4-5141E68D03AA}.Debug|Any CPU.Build.0 = Debug|Any CPU
		{7906CB05-62FF-41B2-A0B4-5141E68D03AA}.Release|Any CPU.ActiveCfg = Release|Any CPU
		{7906CB05-62FF-41B2-A0B4-5141E68D03AA}.Release|Any CPU.Build.0 = Release|Any CPU
		{DC62D61E-D4B5-4693-BD98-F61247B4178E}.Debug|Any CPU.ActiveCfg = Debug|Any CPU
		{DC62D61E-D4B5-4693-BD98-F61247B4178E}.Debug|Any CPU.Build.0 = Debug|Any CPU
		{DC62D61E-D4B5-4693-BD98-F61247B4178E}.Release|Any CPU.ActiveCfg = Release|Any CPU
		{DC62D61E-D4B5-4693-BD98-F61247B4178E}.Release|Any CPU.Build.0 = Release|Any CPU
		{FAF51455-1A4E-4CB1-BC16-F53443EC93DA}.Debug|Any CPU.ActiveCfg = Debug|Any CPU
		{FAF51455-1A4E-4CB1-BC16-F53443EC93DA}.Debug|Any CPU.Build.0 = Debug|Any CPU
		{FAF51455-1A4E-4CB1-BC16-F53443EC93DA}.Release|Any CPU.ActiveCfg = Release|Any CPU
		{FAF51455-1A4E-4CB1-BC16-F53443EC93DA}.Release|Any CPU.Build.0 = Release|Any CPU
	EndGlobalSection
	GlobalSection(SolutionProperties) = preSolution
		HideSolutionNode = FALSE
	EndGlobalSection
	GlobalSection(ExtensibilityGlobals) = postSolution
		SolutionGuid = {1B783F61-97E0-4D87-9F97-7B8A497B14F3}
	EndGlobalSection
EndGlobal
